github.com/asaskevich/govalidator v0.0.0-20230301143203-a9d515a09cc2 h1:DklsrG3dyBCFEj5IhUbnKptjxatkF07cF2ak3yi77so=
github.com/asaskevich/govalidator v0.0.0-20230301143203-a9d515a09cc2/go.mod h1:WaHUgvxTVq04UNunO+XhnAqY/wQc+bxr74GqbsZ/Jqw=
github.com/aymanbagabas/go-osc52/v2 v2.0.1 h1:HwpRHbFMcZLEVr42D4p7XBqjyuxQH5SMiErDT4WkJ2k=
github.com/aymanbagabas/go-osc52/v2 v2.0.1/go.mod h1:uYgXzlJ7ZpABp8OJ+exZzJJhRNQ2ASbcXHWsFqH8hp8=
github.com/briandowns/spinner v1.23.0 h1:alDF2guRWqa/FOZZYWjlMIx2L6H0wyewPxo/CH4Pt2A=
github.com/briandowns/spinner v1.23.0/go.mod h1:rPG4gmXeN3wQV/TsAY4w8lPdIM6RX3yqeBQJSrbXjuE=
github.com/cli/go-gh/v2 v2.9.0 h1:D3lTjEneMYl54M+WjZ+kRPrR5CEJ5BHS05isBPOV3LI=
github.com/cli/go-gh/v2 v2.9.0/go.mod h1:MeRoKzXff3ygHu7zP+NVTT+imcHW6p3tpuxHAzRM2xE=
github.com/cli/safeexec v1.0.0 h1:0VngyaIyqACHdcMNWfo6+KdUYnqEr2Sg+bSP1pdF+dI=
github.com/cli/safeexec v1.0.0/go.mod h1:Z/D4tTN8Vs5gXYHDCbaM1S/anmEDnJb1iW0+EJ5zx3Q=
github.com/cli/shurcooL-graphql v0.0.4 h1:6MogPnQJLjKkaXPyGqPRXOI2qCsQdqNfUY1QSJu2GuY=
github.com/cli/shurcooL-graphql v0.0.4/go.mod h1:3waN4u02FiZivIV+p1y4d0Jo1jc6BViMA73C+sZo2fk=
github.com/davecgh/go-spew v1.1.1 h1:vj9j/u1bqnvCEfJOwUhtlOARqs3+rkHYY13jYWTU97c=
github.com/fatih/color v1.16.0 h1:zmkK9Ngbjj+K0yRhTVONQh1p/HknKYSlNT+vZCzyokM=
github.com/fatih/color v1.16.0/go.mod h1:fL2Sau1YI5c0pdGEVCbKQbLXB6edEj1ZgiY4NijnWvE=
github.com/go-openapi/errors v0.22.0 h1:c4xY/OLxUBSTiepAg3j/MHuAv5mJhnf53LLMWFB+u/w=
github.com/go-openapi/errors v0.22.0/go.mod h1:J3DmZScxCDufmIMsdOuDHxJbdOGC0xtUynjIx092vXE=
github.com/go-openapi/strfmt v0.23.0 h1:nlUS6BCqcnAk0pyhi9Y+kdDVZdZMHfEKQiS4HaMgO/c=
github.com/go-openapi/strfmt v0.23.0/go.mod h1:NrtIpfKtWIygRkKVsxh7XQMDQW5HKQl6S5ik2elW+K4=
github.com/google/go-cmp v0.5.2/go.mod h1:v8dTdLbMG2kIc/vJvl+f65V22dbkXbowE6jgT/gNBxE=
github.com/google/go-cmp v0.6.0 h1:ofyhxvXcZhMsU5ulbFiLKl/XBFqE1GSq7atu8tAmTRI=
github.com/google/go-github/v61 v61.0.1-0.20240501183028-faa0e7ceab73 h1:smFL3TWVxdNIdDs4tLA5m0331XTm0v8Y7CXZQefxP2I=
github.com/google/go-github/v61 v61.0.1-0.20240501183028-faa0e7ceab73/go.mod h1:0WR+KmsWX75G2EbpyGsGmradjo3IiciuI4BmdVCobQY=
github.com/google/go-github/v61 v61.0.1-0.20240507184450-81ff3c9e8b0c h1:45aHUQF6rd6x5wblpQYXo10suFDhxtLSX/S2okEYL9o=
github.com/google/go-github/v61 v61.0.1-0.20240507184450-81ff3c9e8b0c/go.mod h1:0WR+KmsWX75G2EbpyGsGmradjo3IiciuI4BmdVCobQY=
github.com/google/go-querystring v1.1.0 h1:AnCroh3fv4ZBgVIf1Iwtovgjaw/GiKJo8M8yD/fhyJ8=
github.com/google/go-querystring v1.1.0/go.mod h1:Kcdr2DB4koayq7X8pmAG4sNG59So17icRSOU623lUBU=
github.com/google/uuid v1.6.0 h1:NIvaJDMOsjHA8n1jAhLSgzrAzy1Hgr+hNrb57e+94F0=
github.com/google/uuid v1.6.0/go.mod h1:TIyPZe4MgqvfeYDBFedMoGGpEw/LqOeaOT+nhxU+yHo=
github.com/h2non/parth v0.0.0-20190131123155-b4df798d6542 h1:2VTzZjLZBgl62/EtslCrtky5vbi9dd7HrQPQIx6wqiw=
github.com/henvic/httpretty v0.0.6 h1:JdzGzKZBajBfnvlMALXXMVQWxWMF/ofTy8C3/OSUTxs=
github.com/henvic/httpretty v0.0.6/go.mod h1:X38wLjWXHkXT7r2+uK8LjCMne9rsuNaBLJ+5cU2/Pmo=
github.com/jedib0t/go-pretty v4.3.0+incompatible h1:CGs8AVhEKg/n9YbUenWmNStRW2PHJzaeDodcfvRAbIo=
github.com/jedib0t/go-pretty v4.3.0+incompatible/go.mod h1:XemHduiw8R651AF9Pt4FwCTKeG3oo7hrHJAoznj9nag=
github.com/kr/text v0.2.0 h1:5Nx0Ya0ZqY2ygV366QzturHI13Jq95ApcVaJBhpS+AY=
github.com/lucasb-eyer/go-colorful v1.2.0 h1:1nnpGOrhyZZuNyfu1QjKiUICQ74+3FNCN69Aj6K7nkY=
github.com/lucasb-eyer/go-colorful v1.2.0/go.mod h1:R4dSotOR9KMtayYi1e77YzuveK+i7ruzyGqttikkLy0=
github.com/mattn/go-colorable v0.1.13 h1:fFA4WZxdEF4tXPZVKMLwD8oUnCTTo08duU7wxecdEvA=
github.com/mattn/go-colorable v0.1.13/go.mod h1:7S9/ev0klgBDR4GtXTXX8a3vIGJpMovkB8vQcUbaXHg=
github.com/mattn/go-isatty v0.0.16/go.mod h1:kYGgaQfpe5nmfYZH+SKPsOc2e4SrIfOl2e/yFXSvRLM=
github.com/mattn/go-isatty v0.0.20 h1:xfD0iDuEKnDkl03q4limB+vH+GxLEtL/jb4xVJSWWEY=
github.com/mattn/go-isatty v0.0.20/go.mod h1:W+V8PltTTMOvKvAeJH7IuucS94S2C6jfK/D7dTCTo3Y=
github.com/mattn/go-runewidth v0.0.15 h1:UNAjwbU9l54TA3KzvqLGxwWjHmMgBUVhBiTjelZgg3U=
github.com/mattn/go-runewidth v0.0.15/go.mod h1:Jdepj2loyihRzMpdS35Xk/zdY8IAYHsh153qUoGf23w=
github.com/mitchellh/mapstructure v1.5.0 h1:jeMsZIYE/09sWLaz43PL7Gy6RuMjD2eJVyuac5Z2hdY=
github.com/mitchellh/mapstructure v1.5.0/go.mod h1:bFUtVrKA4DC2yAKiSyO/QUcy7e+RRV2QTWOzhPopBRo=
github.com/muesli/termenv v0.15.2 h1:GohcuySI0QmI3wN8Ok9PtKGkgkFIk7y6Vpb5PvrY+Wo=
github.com/muesli/termenv v0.15.2/go.mod h1:Epx+iuz8sNs7mNKhxzH4fWXGNpZwUaJKRS1noLXviQ8=
github.com/niemeyer/pretty v0.0.0-20200227124842-a10e7caefd8e h1:fD57ERR4JtEqsWbfPhv4DMiApHyliiK5xCTNVSPiaAs=
github.com/oklog/ulid v1.3.1 h1:EGfNDEx6MqHz8B3uNV6QAib1UR2Lm97sHi3ocA6ESJ4=
github.com/oklog/ulid v1.3.1/go.mod h1:CirwcVhetQ6Lv90oh/F+FBtV6XMibvdAFo93nm5qn4U=
github.com/pmezard/go-difflib v1.0.0 h1:4DBwDE0NGyQoBHbLQYPwSUPoCMWR5BEzIk/f1lZbAQM=
github.com/rivo/uniseg v0.2.0/go.mod h1:J6wj4VEh+S6ZtnVlnTBMWIodfgj8LQOQFoIToxlJtxc=
github.com/rivo/uniseg v0.4.7 h1:WUdvkW8uEhrYfLC4ZzdpI2ztxP1I582+49Oc5Mq64VQ=
github.com/rivo/uniseg v0.4.7/go.mod h1:FN3SvrM+Zdj16jyLfmOkMNblXMcoc8DfTHruCPUcx88=
github.com/stretchr/testify v1.9.0 h1:HtqpIVDClZ4nwg75+f6Lvsy/wHu+3BoSGCbBAcpTsTg=
github.com/thlib/go-timezone-local v0.0.0-20210907160436-ef149e42d28e h1:BuzhfgfWQbX0dWzYzT1zsORLnHRv3bcRcsaUk0VmXA8=
github.com/thlib/go-timezone-local v0.0.0-20210907160436-ef149e42d28e/go.mod h1:/Tnicc6m/lsJE0irFMA0LfIwTBo4QP7A8IfyIv4zZKI=
github.com/yanskun/pflag v1.0.0 h1:gY++cHXjbF3RQgIGRf0vbucg84YIPBBHzTyuvgxLYnw=
github.com/yanskun/pflag v1.0.0/go.mod h1:gdn56xWVcF7WirKQW1SVM/w8Wn6QQ7PefEtGGktVkDc=
go.mongodb.org/mongo-driver v1.14.0 h1:P98w8egYRjYe3XDjxhYJagTokP/H6HzlsnojRgZRd80=
go.mongodb.org/mongo-driver v1.14.0/go.mod h1:Vzb0Mk/pa7e6cWw85R4F/endUC3u0U9jGcNU603k65c=
golang.org/x/sys v0.0.0-20210831042530-f4d43177bf5e/go.mod h1:oPkhp1MJrh7nUepCBck5+mAzfO9JrbApNNgaTdGDITg=
golang.org/x/sys v0.0.0-20220811171246-fbc7d0a398ab/go.mod h1:oPkhp1MJrh7nUepCBck5+mAzfO9JrbApNNgaTdGDITg=
golang.org/x/sys v0.6.0/go.mod h1:oPkhp1MJrh7nUepCBck5+mAzfO9JrbApNNgaTdGDITg=
golang.org/x/sys v0.19.0 h1:q5f1RH2jigJ1MoAWp2KTp3gm5zAGFUTarQZ5U386+4o=
golang.org/x/sys v0.19.0/go.mod h1:/VUhepiaJMQUp4+oa/7Zr1D23ma6VTLIYjOOTFZPUcA=
golang.org/x/term v0.13.0 h1:bb+I9cTfFazGW51MZqBVmZy7+JEJMouUHTUSKVQLBek=
golang.org/x/term v0.13.0/go.mod h1:LTmsnFJwVN6bCy1rVCoS+qHT1HhALEFxKncY3WNNh4U=
golang.org/x/text v0.14.0 h1:ScX5w1eTa3QqT8oi6+ziP7dTV1S2+ALU0bI+0zXKWiQ=
golang.org/x/text v0.14.0/go.mod h1:18ZOQIKpY8NJVqYksKHtTdi31H5itFRjB5/qKTNYzSU=
golang.org/x/text v0.15.0 h1:h1V/4gjBv8v9cjcR6+AR5+/cIYK5N/WAgiv4xlsEtAk=
golang.org/x/text v0.15.0/go.mod h1:18ZOQIKpY8NJVqYksKHtTdi31H5itFRjB5/qKTNYzSU=
golang.org/x/xerrors v0.0.0-20191204190536-9bdfabe68543/go.mod h1:I/5z698sn9Ka8TeJc9MKroUUfqBBauWjQqLJ2OPfmY0=
gopkg.in/check.v1 v0.0.0-20161208181325-20d25e280405/go.mod h1:Co6ibVJAznAaIkqp8huTwlJQCZ016jof/cbN4VW5Yz0=
gopkg.in/check.v1 v1.0.0-20200227125254-8fa46927fb4f h1:BLraFXnmrev5lT+xlilqcH8XK9/i0At2xKjWk4p6zsU=
gopkg.in/h2non/gock.v1 v1.1.2 h1:jBbHXgGBK/AoPVfJh5x4r/WxIrElvbLel8TCZkkZJoY=
gopkg.in/yaml.v3 v3.0.1 h1:fxVm/GzAzEWqLHuvctI91KS9hhNmmWOoWu0XTYJS7CA=
gopkg.in/yaml.v3 v3.0.1/go.mod h1:K4uyk7z7BCEPqu6E+C64Yfv1cQ7kz7rIZviUmN+EgEM=
